
Microsoft Visual Studio Solution File, Format Version 12.00
# Visual Studio 15
VisualStudioVersion = 15.0.28307.852
MinimumVisualStudioVersion = 10.0.40219.1
Project("{8BC9CEB8-8B4A-11D0-8D11-00A0C91BC942}") = "gnome_sort", "gnome_sort\gnome_sort.vcxproj", "{F8F4B624-1B63-49D0-A524-113A9F94957C}"
EndProject
Project("{8BC9CEB8-8B4A-11D0-8D11-00A0C91BC942}") = "Pyramidize", "Pyramidize\Pyramidize.vcxproj", "{5BC82891-2891-4369-8FC9-5860D83A1145}"
EndProject
Global
	GlobalSection(SolutionConfigurationPlatforms) = preSolution
		Debug|x64 = Debug|x64
		Debug|x86 = Debug|x86
		Release|x64 = Release|x64
		Release|x86 = Release|x86
	EndGlobalSection
	GlobalSection(ProjectConfigurationPlatforms) = postSolution
		{F8F4B624-1B63-49D0-A524-113A9F94957C}.Debug|x64.ActiveCfg = Debug|x64
		{F8F4B624-1B63-49D0-A524-113A9F94957C}.Debug|x64.Build.0 = Debug|x64
		{F8F4B624-1B63-49D0-A524-113A9F94957C}.Debug|x86.ActiveCfg = Debug|Win32
		{F8F4B624-1B63-49D0-A524-113A9F94957C}.Debug|x86.Build.0 = Debug|Win32
		{F8F4B624-1B63-49D0-A524-113A9F94957C}.Release|x64.ActiveCfg = Release|x64
		{F8F4B624-1B63-49D0-A524-113A9F94957C}.Release|x64.Build.0 = Release|x64
		{F8F4B624-1B63-49D0-A524-113A9F94957C}.Release|x86.ActiveCfg = Release|Win32
		{F8F4B624-1B63-49D0-A524-113A9F94957C}.Release|x86.Build.0 = Release|Win32
		{5BC82891-2891-4369-8FC9-5860D83A1145}.Debug|x64.ActiveCfg = Debug|x64
		{5BC82891-2891-4369-8FC9-5860D83A1145}.Debug|x64.Build.0 = Debug|x64
		{5BC82891-2891-4369-8FC9-5860D83A1145}.Debug|x86.ActiveCfg = Debug|Win32
		{5BC82891-2891-4369-8FC9-5860D83A1145}.Debug|x86.Build.0 = Debug|Win32
		{5BC82891-2891-4369-8FC9-5860D83A1145}.Release|x64.ActiveCfg = Release|x64
		{5BC82891-2891-4369-8FC9-5860D83A1145}.Release|x64.Build.0 = Release|x64
		{5BC82891-2891-4369-8FC9-5860D83A1145}.Release|x86.ActiveCfg = Release|Win32
		{5BC82891-2891-4369-8FC9-5860D83A1145}.Release|x86.Build.0 = Release|Win32
	EndGlobalSection
	GlobalSection(SolutionProperties) = preSolution
		HideSolutionNode = FALSE
	EndGlobalSection
	GlobalSection(ExtensibilityGlobals) = postSolution
		SolutionGuid = {02B47CDD-B62A-423C-9484-6A5DF7A8D454}
	EndGlobalSection
EndGlobal
